
Microsoft Visual Studio Solution File, Format Version 12.00
# Visual Studio Version 16
VisualStudioVersion = 16.0.33423.256
MinimumVisualStudioVersion = 10.0.40219.1
Project("{FAE04EC0-301F-11D3-BF4B-00C04F79EFBC}") = "AlcoholChecker.Android", "AlcoholChecker.Android\AlcoholChecker.Android.csproj", "{FE34416C-402E-4CBB-B35C-1AD22C4CCD74}"
EndProject
Project("{FAE04EC0-301F-11D3-BF4B-00C04F79EFBC}") = "AlcoholChecker", "AlcoholChecker\AlcoholChecker.csproj", "{D7800DA5-0403-4DDE-BA30-67315EDA0F83}"
EndProject
Global
	GlobalSection(SolutionConfigurationPlatforms) = preSolution
		Debug|Any CPU = Debug|Any CPU
		Release|Any CPU = Release|Any CPU
	EndGlobalSection
	GlobalSection(ProjectConfigurationPlatforms) = postSolution
		{FE34416C-402E-4CBB-B35C-1AD22C4CCD74}.Debug|Any CPU.ActiveCfg = Debug|Any CPU
		{FE34416C-402E-4CBB-B35C-1AD22C4CCD74}.Debug|Any CPU.Build.0 = Debug|Any CPU
		{FE34416C-402E-4CBB-B35C-1AD22C4CCD74}.Debug|Any CPU.Deploy.0 = Debug|Any CPU
		{FE34416C-402E-4CBB-B35C-1AD22C4CCD74}.Release|Any CPU.ActiveCfg = Release|Any CPU
		{FE34416C-402E-4CBB-B35C-1AD22C4CCD74}.Release|Any CPU.Build.0 = Release|Any CPU
		{FE34416C-402E-4CBB-B35C-1AD22C4CCD74}.Release|Any CPU.Deploy.0 = Release|Any CPU
		{D7800DA5-0403-4DDE-BA30-67315EDA0F83}.Debug|Any CPU.ActiveCfg = Debug|Any CPU
		{D7800DA5-0403-4DDE-BA30-67315EDA0F83}.Debug|Any CPU.Build.0 = Debug|Any CPU
		{D7800DA5-0403-4DDE-BA30-67315EDA0F83}.Debug|Any CPU.Deploy.0 = Debug|Any CPU
		{D7800DA5-0403-4DDE-BA30-67315EDA0F83}.Release|Any CPU.ActiveCfg = Release|Any CPU
		{D7800DA5-0403-4DDE-BA30-67315EDA0F83}.Release|Any CPU.Build.0 = Release|Any CPU
		{D7800DA5-0403-4DDE-BA30-67315EDA0F83}.Release|Any CPU.Deploy.0 = Release|Any CPU
	EndGlobalSection
	GlobalSection(SolutionProperties) = preSolution
		HideSolutionNode = FALSE
	EndGlobalSection
	GlobalSection(ExtensibilityGlobals) = postSolution
		SolutionGuid = {DD327648-E3F5-4A32-8160-D1D796494618}
	EndGlobalSection
EndGlobal
